schema: '2.0'
stages:
  download:
    cmd: python src/download.py
    deps:
    - path: params.yaml
      hash: md5
      md5: a1d1d11c94459ef06558c8fde2377c31
      size: 4145
      isexec: true
    - path: src/download.py
      hash: md5
      md5: 2ea6a088228ceb304be230e1cc4957d2
      size: 3812
      isexec: true
    params:
      params.yaml:
        download:
          kaggle_dataset: manidevesh/hr-dataset-analysis
          kaggle_file: HR_DataSet.csv
          download_folder: data
          download_file: modified_raw_data.csv
          column_impacting_the_split: satisfaction_level
          current_subset_size: 0.1
          prob_coeff: 1.5
          time_period_column_name: time_period
    outs:
    - path: data/modified_raw_data.csv
      hash: md5
      md5: c7db8f8fa58150a48dd561b3ef292690
      size: 699577
      isexec: true
  preprocess:
    cmd: python src/preprocess.py
    deps:
    - path: data/modified_raw_data.csv
      hash: md5
      md5: c8fe161fde4dabc4d5c5d9388bf67766
      size: 698805
      isexec: true
    - path: src/preprocess.py
      hash: md5
      md5: f3b231be026706de79303664de6d670d
      size: 9000
      isexec: true
    params:
      params.yaml:
        preprocess:
          input_folder: data
          input_file: modified_raw_data.csv
          output_reference_data_file_path: data/preprocessed_reference_data.csv
          output_current_data_file_path: data/preprocessed_current_data.csv
          rename_map:
            number_project: number_of_projects
            time_spend_company: time_spend_in_company
            Work_accident: had_work_accidents
            left: left_or_not
            promotion_last_5years: promoted_last_5_years
            Department: department
          prediction_column: left_or_not
          keep_duplicates: true
          time_period_column_name: time_period
          flask_dict_file_path: data/flask_dictionary.json
          onehot_name_dictionary_file_path: data/onehot_name_dictionary.json
    outs:
    - path: data/flask_dictionary.json
      hash: md5
      md5: 2de61b4af1b8fa139e25c067303a0f0b
      size: 1138
      isexec: true
    - path: data/onehot_name_dictionary.json
      hash: md5
      md5: b82da1ddc0383342f6c9d8812a2b16ab
      size: 784
      isexec: true
    - path: data/preprocessed_current_data.csv
      hash: md5
      md5: 29f808783f2903b9e175430c6779c023
      size: 146846
      isexec: true
    - path: data/preprocessed_reference_data.csv
      hash: md5
      md5: d6d10026b1b08d19d878f6bb1769d70f
      size: 1330569
      isexec: true
  train:
    cmd: python src/train.py
    deps:
    - path: data/preprocessed_reference_data.csv
      hash: md5
      md5: d6d10026b1b08d19d878f6bb1769d70f
      size: 1330569
      isexec: true
    - path: src/train.py
      hash: md5
      md5: 03ad44432ed2d1f85031d0427c0e4175
      size: 5921
      isexec: true
    params:
      params.yaml:
        train:
          file_path: data/preprocessed_reference_data.csv
          prediction_column: left_or_not
          test_X_file_path: data/test_X.csv
          test_y_file_path: data/test_y.csv
          random_state: 42
          cross_validations: 3
          max_depth:
          - 1
          - 4
          - 1
          min_samples_split:
          - 4
          - 13
          - 4
          n_estimators:
          - 20
          - 61
          - 10
          learning_rate:
          - 0.8
          - 1.3
          - 0.2
          model_file_path: models/model.pkl
    outs:
    - path: data/test_X.csv
      hash: md5
      md5: 4ca9ac1c642d04c44a96ad6de320313d
      size: 261160
      isexec: true
    - path: data/test_y.csv
      hash: md5
      md5: cbbbafebbe2b1eb88cc2b6fdc75d95b3
      size: 5346
      isexec: true
    - path: models/model.pkl
      hash: md5
      md5: ed9fa8adda80db8799387ed766689017
      size: 69095
      isexec: true
  evaluate:
    cmd: python src/evaluate.py
    deps:
    - path: data/preprocessed_reference_data.csv
      hash: md5
      md5: d6d10026b1b08d19d878f6bb1769d70f
      size: 1330569
      isexec: true
    - path: data/test_y.csv
      hash: md5
      md5: cbbbafebbe2b1eb88cc2b6fdc75d95b3
      size: 5346
      isexec: true
    - path: models/model.pkl
      hash: md5
      md5: ed9fa8adda80db8799387ed766689017
      size: 69095
      isexec: true
    - path: src/evaluate.py
      hash: md5
      md5: 61721ed48de37058811b3bbd3d58c3ff
      size: 4973
      isexec: true
    params:
      params.yaml:
        evaluate:
          model_file_path: models/model.pkl
          test_X_file_path: data/test_X.csv
          test_y_file_path: data/test_y.csv
          n_repeats: 10
          random_state: 42
          onehot_name_dictionary_file_path: data/onehot_name_dictionary.json
  set_experiment_name:
    cmd: python src/set_experiment_name.py
    deps:
    - path: src/set_experiment_name.py
      hash: md5
      md5: 48bd7687e3456f18c2afecded6684e12
      size: 1067
      isexec: true
    outs:
    - path: mlflow_experiment_name.yaml
      hash: md5
      md5: f160b9e8513bcf7fcc0c676d75887f3a
      size: 43
      isexec: true
  evidentlyai:
    cmd: python src/evidentlyai.py
    deps:
    - path: data/preprocessed_current_data.csv
      hash: md5
      md5: 29f808783f2903b9e175430c6779c023
      size: 146846
      isexec: true
    - path: data/preprocessed_reference_data.csv
      hash: md5
      md5: d6d10026b1b08d19d878f6bb1769d70f
      size: 1330569
      isexec: true
    - path: src/evidentlyai.py
      hash: md5
      md5: f9011fec70bcbe0cdbb7f155d3fb964b
      size: 7581
      isexec: true
    params:
      params.yaml:
        evidentlyai:
          evidentlyai_url: https://app.evidently.cloud
          evidentlyai_project_name: Human Resources
          evidentlyai_project_description: Use AdaBoost to predict who left the company
          reference_data_file_path: data/preprocessed_reference_data.csv
          current_data_file_path: data/preprocessed_current_data.csv
          model_file_path: models/model.pkl
          prediction_column: left_or_not
          evidently_htmls_folder_name: evidently_htmls
          current_accuracy_dict_file: current_accuracy_dict.json
    outs:
    - path: current_accuracy_dict.json
      hash: md5
      md5: 633ddce61e040c67347cdfbe76321ab7
      size: 127
      isexec: true
    - path: evidently_htmls
      hash: md5
      md5: 30af76b5c3dbb9df5d31970f5a949444.dir
      size: 9960240
      nfiles: 4
  hugging_face_push:
    cmd: python src/hugging_face_push.py
    deps:
    - path: current_accuracy_dict.json
      hash: md5
      md5: 633ddce61e040c67347cdfbe76321ab7
      size: 127
      isexec: true
    - path: models/model.pkl
      hash: md5
      md5: ed9fa8adda80db8799387ed766689017
      size: 69095
      isexec: true
    - path: src/hugging_face_push.py
      hash: md5
      md5: 57240488e464e339be79d0ee4604bd51
      size: 1724
      isexec: true
    params:
      params.yaml:
        hugging_face_push:
          hf_repo_id: skuperst/Predicting_Employee_Turnover_at_Sailsfort_Motors
          model_file_path: models/model.pkl
          current_accuracy_dict_file: current_accuracy_dict.json
          f1_threshold: 0.93
